
Microsoft Visual Studio Solution File, Format Version 12.00
# Visual Studio Version 17
VisualStudioVersion = 17.4.33213.308
MinimumVisualStudioVersion = 10.0.40219.1
Project("{FAE04EC0-301F-11D3-BF4B-00C04F79EFBC}") = "CrudAPI", "CrudAPI\CrudAPI.csproj", "{8B024935-EFB9-4F51-AAA9-632359E83CB4}"
EndProject
Global
	GlobalSection(SolutionConfigurationPlatforms) = preSolution
		Debug|Any CPU = Debug|Any CPU
		Release|Any CPU = Release|Any CPU
	EndGlobalSection
	GlobalSection(ProjectConfigurationPlatforms) = postSolution
		{8B024935-EFB9-4F51-AAA9-632359E83CB4}.Debug|Any CPU.ActiveCfg = Debug|Any CPU
		{8B024935-EFB9-4F51-AAA9-632359E83CB4}.Debug|Any CPU.Build.0 = Debug|Any CPU
		{8B024935-EFB9-4F51-AAA9-632359E83CB4}.Release|Any CPU.ActiveCfg = Release|Any CPU
		{8B024935-EFB9-4F51-AAA9-632359E83CB4}.Release|Any CPU.Build.0 = Release|Any CPU
	EndGlobalSection
	GlobalSection(SolutionProperties) = preSolution
		HideSolutionNode = FALSE
	EndGlobalSection
	GlobalSection(ExtensibilityGlobals) = postSolution
		SolutionGuid = {D27FF053-9046-4A44-ABE1-3AF61F90ABA4}
	EndGlobalSection
EndGlobal
